// !$*UTF8*$!
{
	archiveVersion = 1;
	classes = {
	};
	objectVersion = 46;
	objects = {

		D8AB92015B7E097EA6C24251 = {isa = PBXBuildFile; fileRef = C4293B5E7AC1D0CD7E4928B5; };
		109198BA9FAD2B041156BCB9 = {isa = PBXBuildFile; fileRef = D12B2D1714A752015C4D9754; };
		15D1797473B115A133354D53 = {isa = PBXBuildFile; fileRef = 4A8F40A44B94A2D1BFF4F28A; };
		2A773FFD426A5AB207A81DDE = {isa = PBXBuildFile; fileRef = BC9394D96A25238671614661; };
		6E14DAC141FB4157A6DF4C24 = {isa = PBXBuildFile; fileRef = 3A4249FC6750DBC764BFC6AC; };
		77B2488EA614CAB59EC65C54 = {isa = PBXBuildFile; fileRef = 5405E07EA97DA9C88D4C1627; };
		36450DDA2508E93E9F03C566 = {isa = PBXBuildFile; fileRef = FB6D6C078DC5595F90E1646A; };
		3A4249FC6750DBC764BFC6AC = {isa = PBXFileReference; lastKnownFileType = sourcecode.cpp.cpp; name = Main.cpp; path = ../../Source/Main.cpp; sourceTree = "SOURCE_ROOT"; };
		466F42496A85842DA0870AB7 = {isa = PBXFileReference; lastKnownFileType = sourcecode.c.h; name = JuceHeader.h; path = ../../JuceLibraryCode/JuceHeader.h; sourceTree = "SOURCE_ROOT"; };
		4A8F40A44B94A2D1BFF4F28A = {isa = PBXFileReference; lastKnownFileType = wrapper.framework; name = IOKit.framework; path = System/Library/Frameworks/IOKit.framework; sourceTree = SDKROOT; };
		5405E07EA97DA9C88D4C1627 = {isa = PBXFileReference; lastKnownFileType = sourcecode.cpp.objcpp; name = "include_juce_core.mm"; path = "../../JuceLibraryCode/include_juce_core.mm"; sourceTree = "SOURCE_ROOT"; };
		7F22DD168D2B2AF38D57525B = {isa = PBXFileReference; lastKnownFileType = file; name = "juce_cryptography"; path = "/opt/kushview/JUCE/modules/juce_cryptography"; sourceTree = "<absolute>"; };
		840C5171AF203C6EA00DB687 = {isa = PBXFileReference; lastKnownFileType = file; name = "juce_core"; path = "/opt/kushview/JUCE/modules/juce_core"; sourceTree = "<absolute>"; };
		9078C424B591CDA7A8D887A0 = {isa = PBXFileReference; lastKnownFileType = sourcecode.c.h; name = AppConfig.h; path = ../../JuceLibraryCode/AppConfig.h; sourceTree = "SOURCE_ROOT"; };
		BC9394D96A25238671614661 = {isa = PBXFileReference; lastKnownFileType = file.nib; name = RecentFilesMenuTemplate.nib; path = RecentFilesMenuTemplate.nib; sourceTree = "SOURCE_ROOT"; };
		C4293B5E7AC1D0CD7E4928B5 = {isa = PBXFileReference; explicitFileType = "compiled.mach-o.executable"; includeInIndex = 0; path = "juce-keygen"; sourceTree = "BUILT_PRODUCTS_DIR"; };
		D12B2D1714A752015C4D9754 = {isa = PBXFileReference; lastKnownFileType = wrapper.framework; name = Cocoa.framework; path = System/Library/Frameworks/Cocoa.framework; sourceTree = SDKROOT; };
		FB6D6C078DC5595F90E1646A = {isa = PBXFileReference; lastKnownFileType = sourcecode.cpp.objcpp; name = "include_juce_cryptography.mm"; path = "../../JuceLibraryCode/include_juce_cryptography.mm"; sourceTree = "SOURCE_ROOT"; };
		2D1121834A24DF2020FA7A1D = {isa = PBXGroup; children = (
					3A4249FC6750DBC764BFC6AC, ); name = Source; sourceTree = "<group>"; };
		2AE0DC68265F411304DFB882 = {isa = PBXGroup; children = (
					2D1121834A24DF2020FA7A1D, ); name = "juce-keygen"; sourceTree = "<group>"; };
		0C2D80A0EDA25C281C0D9D54 = {isa = PBXGroup; children = (
					840C5171AF203C6EA00DB687,
					7F22DD168D2B2AF38D57525B, ); name = "Juce Modules"; sourceTree = "<group>"; };
		25E54F33ADAE84E6DFCE3760 = {isa = PBXGroup; children = (
					9078C424B591CDA7A8D887A0,
					5405E07EA97DA9C88D4C1627,
					FB6D6C078DC5595F90E1646A,
					466F42496A85842DA0870AB7, ); name = "Juce Library Code"; sourceTree = "<group>"; };
		9D67376D69A864DD7633821F = {isa = PBXGroup; children = (
					BC9394D96A25238671614661, ); name = Resources; sourceTree = "<group>"; };
		5E78195DA7CAF8A8482FCC3B = {isa = PBXGroup; children = (
					D12B2D1714A752015C4D9754,
					4A8F40A44B94A2D1BFF4F28A, ); name = Frameworks; sourceTree = "<group>"; };
		D8BA8C57C0FA1962DE577585 = {isa = PBXGroup; children = (
					C4293B5E7AC1D0CD7E4928B5, ); name = Products; sourceTree = "<group>"; };
		CA9D220D5F9A4B12AF3EF042 = {isa = PBXGroup; children = (
					2AE0DC68265F411304DFB882,
					0C2D80A0EDA25C281C0D9D54,
					25E54F33ADAE84E6DFCE3760,
					9D67376D69A864DD7633821F,
					5E78195DA7CAF8A8482FCC3B,
					D8BA8C57C0FA1962DE577585, ); name = Source; sourceTree = "<group>"; };
		BCA9D85169BB4D3E4BDA82CB = {isa = XCBuildConfiguration; buildSettings = {
				CLANG_CXX_LANGUAGE_STANDARD = "c++11";
				CLANG_LINK_OBJC_RUNTIME = NO;
				COMBINE_HIDPI_IMAGES = YES;
				CONFIGURATION_BUILD_DIR = "$(PROJECT_DIR)/build/$(CONFIGURATION)";
				COPY_PHASE_STRIP = NO;
				GCC_DYNAMIC_NO_PIC = NO;
				GCC_OPTIMIZATION_LEVEL = 0;
				GCC_PREPROCESSOR_DEFINITIONS = (
					"_DEBUG=1",
					"DEBUG=1",
					"JUCER_XCODE_MAC_F6D2F4CF=1",
					"JUCE_APP_VERSION=1.0.0",
					"JUCE_APP_VERSION_HEX=0x10000",
					"JucePlugin_Build_VST=0",
					"JucePlugin_Build_VST3=0",
					"JucePlugin_Build_AU=0",
					"JucePlugin_Build_AUv3=0",
					"JucePlugin_Build_RTAS=0",
					"JucePlugin_Build_AAX=0",
					"JucePlugin_Build_Standalone=0", );
				GCC_VERSION = com.apple.compilers.llvm.clang.1_0;
				HEADER_SEARCH_PATHS = ("../../JuceLibraryCode", "/opt/kushview/JUCE/modules", "$(inherited)");
				INSTALL_PATH = "/usr/bin";
				MACOSX_DEPLOYMENT_TARGET = 10.11;
				MACOSX_DEPLOYMENT_TARGET_ppc = 10.4;
				PRODUCT_BUNDLE_IDENTIFIER = com.yourcompany.jucekeygen;
				SDKROOT_ppc = macosx10.5;
				USE_HEADERMAP = NO; }; name = Debug; };
		8EB4EE76D7F3EBB0AB0253D8 = {isa = XCBuildConfiguration; buildSettings = {
				CLANG_CXX_LANGUAGE_STANDARD = "c++11";
				CLANG_LINK_OBJC_RUNTIME = NO;
				COMBINE_HIDPI_IMAGES = YES;
				CONFIGURATION_BUILD_DIR = "$(PROJECT_DIR)/build/$(CONFIGURATION)";
				DEAD_CODE_STRIPPING = YES;
				GCC_GENERATE_DEBUGGING_SYMBOLS = NO;
				GCC_OPTIMIZATION_LEVEL = 3;
				GCC_PREPROCESSOR_DEFINITIONS = (
					"_NDEBUG=1",
					"NDEBUG=1",
					"JUCER_XCODE_MAC_F6D2F4CF=1",
					"JUCE_APP_VERSION=1.0.0",
					"JUCE_APP_VERSION_HEX=0x10000",
					"JucePlugin_Build_VST=0",
					"JucePlugin_Build_VST3=0",
					"JucePlugin_Build_AU=0",
					"JucePlugin_Build_AUv3=0",
					"JucePlugin_Build_RTAS=0",
					"JucePlugin_Build_AAX=0",
					"JucePlugin_Build_Standalone=0", );
				GCC_SYMBOLS_PRIVATE_EXTERN = YES;
				GCC_VERSION = com.apple.compilers.llvm.clang.1_0;
				HEADER_SEARCH_PATHS = ("../../JuceLibraryCode", "/opt/kushview/JUCE/modules", "$(inherited)");
				INSTALL_PATH = "/usr/bin";
				MACOSX_DEPLOYMENT_TARGET = 10.11;
				MACOSX_DEPLOYMENT_TARGET_ppc = 10.4;
				PRODUCT_BUNDLE_IDENTIFIER = com.yourcompany.jucekeygen;
				SDKROOT_ppc = macosx10.5;
				USE_HEADERMAP = NO; }; name = Release; };
		754B962243B7C8AA2695384A = {isa = XCBuildConfiguration; buildSettings = {
				ALWAYS_SEARCH_USER_PATHS = NO;
				CLANG_WARN_BLOCK_CAPTURE_AUTORELEASING = YES;
				CLANG_WARN_BOOL_CONVERSION = YES;
				CLANG_WARN_COMMA = YES;
				CLANG_WARN_CONSTANT_CONVERSION = YES;
				CLANG_WARN_EMPTY_BODY = YES;
				CLANG_WARN_ENUM_CONVERSION = YES;
				CLANG_WARN_INFINITE_RECURSION = YES;
				CLANG_WARN_INT_CONVERSION = YES;
				CLANG_WARN_NON_LITERAL_NULL_CONVERSION = YES;
				CLANG_WARN_OBJC_LITERAL_CONVERSION = YES;
				CLANG_WARN_RANGE_LOOP_ANALYSIS = YES;
				CLANG_WARN_STRICT_PROTOTYPES = YES;
				CLANG_WARN_SUSPICIOUS_MOVE = YES;
				CLANG_WARN_UNREACHABLE_CODE = YES;
				CLANG_WARN__DUPLICATE_METHOD_MATCH = YES;
				DEBUG_INFORMATION_FORMAT = "dwarf";
				ENABLE_STRICT_OBJC_MSGSEND = YES;
				ENABLE_TESTABILITY = YES;
				GCC_C_LANGUAGE_STANDARD = c11;
				GCC_INLINES_ARE_PRIVATE_EXTERN = YES;
				GCC_MODEL_TUNING = G5;
				GCC_NO_COMMON_BLOCKS = YES;
				GCC_WARN_64_TO_32_BIT_CONVERSION = YES;
				GCC_WARN_ABOUT_RETURN_TYPE = YES;
				GCC_WARN_CHECK_SWITCH_STATEMENTS = YES;
				GCC_WARN_MISSING_PARENTHESES = YES;
				GCC_WARN_NON_VIRTUAL_DESTRUCTOR = YES;
				GCC_WARN_TYPECHECK_CALLS_TO_PRINTF = YES;
				GCC_WARN_UNDECLARED_SELECTOR = YES;
				GCC_WARN_UNINITIALIZED_AUTOS = YES;
				GCC_WARN_UNUSED_FUNCTION = YES;
				GCC_WARN_UNUSED_VARIABLE = YES;
				ONLY_ACTIVE_ARCH = YES;
				PRODUCT_NAME = "juce-keygen";
				WARNING_CFLAGS = -Wreorder;
				ZERO_LINK = NO; }; name = Debug; };
		80CA547580447624BDAA72CB = {isa = XCBuildConfiguration; buildSettings = {
				ALWAYS_SEARCH_USER_PATHS = NO;
				CLANG_WARN_BLOCK_CAPTURE_AUTORELEASING = YES;
				CLANG_WARN_BOOL_CONVERSION = YES;
				CLANG_WARN_COMMA = YES;
				CLANG_WARN_CONSTANT_CONVERSION = YES;
				CLANG_WARN_EMPTY_BODY = YES;
				CLANG_WARN_ENUM_CONVERSION = YES;
				CLANG_WARN_INFINITE_RECURSION = YES;
				CLANG_WARN_INT_CONVERSION = YES;
				CLANG_WARN_NON_LITERAL_NULL_CONVERSION = YES;
				CLANG_WARN_OBJC_LITERAL_CONVERSION = YES;
				CLANG_WARN_RANGE_LOOP_ANALYSIS = YES;
				CLANG_WARN_STRICT_PROTOTYPES = YES;
				CLANG_WARN_SUSPICIOUS_MOVE = YES;
				CLANG_WARN_UNREACHABLE_CODE = YES;
				CLANG_WARN__DUPLICATE_METHOD_MATCH = YES;
				DEBUG_INFORMATION_FORMAT = "dwarf";
				ENABLE_STRICT_OBJC_MSGSEND = YES;
				GCC_C_LANGUAGE_STANDARD = c11;
				GCC_INLINES_ARE_PRIVATE_EXTERN = YES;
				GCC_MODEL_TUNING = G5;
				GCC_NO_COMMON_BLOCKS = YES;
				GCC_WARN_64_TO_32_BIT_CONVERSION = YES;
				GCC_WARN_ABOUT_RETURN_TYPE = YES;
				GCC_WARN_CHECK_SWITCH_STATEMENTS = YES;
				GCC_WARN_MISSING_PARENTHESES = YES;
				GCC_WARN_NON_VIRTUAL_DESTRUCTOR = YES;
				GCC_WARN_TYPECHECK_CALLS_TO_PRINTF = YES;
				GCC_WARN_UNDECLARED_SELECTOR = YES;
				GCC_WARN_UNINITIALIZED_AUTOS = YES;
				GCC_WARN_UNUSED_FUNCTION = YES;
				GCC_WARN_UNUSED_VARIABLE = YES;
				PRODUCT_NAME = "juce-keygen";
				WARNING_CFLAGS = -Wreorder;
				ZERO_LINK = NO; }; name = Release; };
		202BA35C1381E85397435078 = {isa = PBXTargetDependency; target = E4D54A935083DB5BE338FBB9; };
		933FECE4DF13DDF43E1C4442 = {isa = XCConfigurationList; buildConfigurations = (
					754B962243B7C8AA2695384A,
					80CA547580447624BDAA72CB, ); defaultConfigurationIsVisible = 0; defaultConfigurationName = Debug; };
		0F64EDC719CF0079DED478F3 = {isa = XCConfigurationList; buildConfigurations = (
					BCA9D85169BB4D3E4BDA82CB,
					8EB4EE76D7F3EBB0AB0253D8, ); defaultConfigurationIsVisible = 0; defaultConfigurationName = Debug; };
		E2CE834EBD69003C8A658C69 = {isa = PBXResourcesBuildPhase; buildActionMask = 2147483647; files = (
					2A773FFD426A5AB207A81DDE, ); runOnlyForDeploymentPostprocessing = 0; };
		119DE07F370C983CC77F258B = {isa = PBXSourcesBuildPhase; buildActionMask = 2147483647; files = (
					6E14DAC141FB4157A6DF4C24,
					77B2488EA614CAB59EC65C54,
					36450DDA2508E93E9F03C566, ); runOnlyForDeploymentPostprocessing = 0; };
		B72D3E6B01D386C5637478BF = {isa = PBXFrameworksBuildPhase; buildActionMask = 2147483647; files = (
					109198BA9FAD2B041156BCB9,
					15D1797473B115A133354D53, ); runOnlyForDeploymentPostprocessing = 0; };
		E4D54A935083DB5BE338FBB9 = {isa = PBXNativeTarget; buildConfigurationList = 0F64EDC719CF0079DED478F3; buildPhases = (
					E2CE834EBD69003C8A658C69,
					119DE07F370C983CC77F258B,
					B72D3E6B01D386C5637478BF, ); buildRules = ( ); dependencies = (  ); name = "juce-keygen - ConsoleApp"; productName = "juce-keygen"; productReference = C4293B5E7AC1D0CD7E4928B5; productType = "com.apple.product-type.tool"; };
		3DA003A0551D1E190FC6B0A6 = {isa = PBXProject; buildConfigurationList = 933FECE4DF13DDF43E1C4442; attributes = { LastUpgradeCheck = 0830; }; compatibilityVersion = "Xcode 3.2"; hasScannedForEncodings = 0; mainGroup = CA9D220D5F9A4B12AF3EF042; projectDirPath = ""; projectRoot = ""; targets = (E4D54A935083DB5BE338FBB9); };
	};
	rootObject = 3DA003A0551D1E190FC6B0A6;
}
